
Microsoft Visual Studio Solution File, Format Version 12.00
# Visual Studio 15
VisualStudioVersion = 15.0.28010.2046
MinimumVisualStudioVersion = 10.0.40219.1
Project("{FAE04EC0-301F-11D3-BF4B-00C04F79EFBC}") = "Lab3P2", "Lab3P2\Lab3P2.csproj", "{F9A36433-334F-433A-A3B6-2811E896ECD9}"
EndProject
Project("{FAE04EC0-301F-11D3-BF4B-00C04F79EFBC}") = "ClassLibrary1", "ClassLibrary1\ClassLibrary1.csproj", "{18124432-5E0B-4C7A-A5DE-7E8C1BF80628}"
EndProject
Global
	GlobalSection(SolutionConfigurationPlatforms) = preSolution
		Debug|Any CPU = Debug|Any CPU
		Release|Any CPU = Release|Any CPU
	EndGlobalSection
	GlobalSection(ProjectConfigurationPlatforms) = postSolution
		{F9A36433-334F-433A-A3B6-2811E896ECD9}.Debug|Any CPU.ActiveCfg = Debug|Any CPU
		{F9A36433-334F-433A-A3B6-2811E896ECD9}.Debug|Any CPU.Build.0 = Debug|Any CPU
		{F9A36433-334F-433A-A3B6-2811E896ECD9}.Release|Any CPU.ActiveCfg = Release|Any CPU
		{F9A36433-334F-433A-A3B6-2811E896ECD9}.Release|Any CPU.Build.0 = Release|Any CPU
		{18124432-5E0B-4C7A-A5DE-7E8C1BF80628}.Debug|Any CPU.ActiveCfg = Debug|Any CPU
		{18124432-5E0B-4C7A-A5DE-7E8C1BF80628}.Debug|Any CPU.Build.0 = Debug|Any CPU
		{18124432-5E0B-4C7A-A5DE-7E8C1BF80628}.Release|Any CPU.ActiveCfg = Release|Any CPU
		{18124432-5E0B-4C7A-A5DE-7E8C1BF80628}.Release|Any CPU.Build.0 = Release|Any CPU
	EndGlobalSection
	GlobalSection(SolutionProperties) = preSolution
		HideSolutionNode = FALSE
	EndGlobalSection
	GlobalSection(ExtensibilityGlobals) = postSolution
		SolutionGuid = {4CD812E2-7F2D-420C-A6FE-0E43C1067503}
	EndGlobalSection
EndGlobal
