
Microsoft Visual Studio Solution File, Format Version 12.00
# Visual Studio 15
VisualStudioVersion = 15.0.28010.2046
MinimumVisualStudioVersion = 10.0.40219.1
Project("{FAE04EC0-301F-11D3-BF4B-00C04F79EFBC}") = "WebApplication1", "WebApplication1\WebApplication1.csproj", "{5274541E-C1F9-400A-9ABD-B6AF8AB8E0BF}"
EndProject
Project("{FAE04EC0-301F-11D3-BF4B-00C04F79EFBC}") = "WebApplication1.Tests", "WebApplication1.Tests\WebApplication1.Tests.csproj", "{12B1991E-BEBF-43FF-8306-BBC543B643DE}"
EndProject
Global
	GlobalSection(SolutionConfigurationPlatforms) = preSolution
		Debug|Any CPU = Debug|Any CPU
		Release|Any CPU = Release|Any CPU
	EndGlobalSection
	GlobalSection(ProjectConfigurationPlatforms) = postSolution
		{5274541E-C1F9-400A-9ABD-B6AF8AB8E0BF}.Debug|Any CPU.ActiveCfg = Debug|Any CPU
		{5274541E-C1F9-400A-9ABD-B6AF8AB8E0BF}.Debug|Any CPU.Build.0 = Debug|Any CPU
		{5274541E-C1F9-400A-9ABD-B6AF8AB8E0BF}.Release|Any CPU.ActiveCfg = Release|Any CPU
		{5274541E-C1F9-400A-9ABD-B6AF8AB8E0BF}.Release|Any CPU.Build.0 = Release|Any CPU
		{12B1991E-BEBF-43FF-8306-BBC543B643DE}.Debug|Any CPU.ActiveCfg = Debug|Any CPU
		{12B1991E-BEBF-43FF-8306-BBC543B643DE}.Debug|Any CPU.Build.0 = Debug|Any CPU
		{12B1991E-BEBF-43FF-8306-BBC543B643DE}.Release|Any CPU.ActiveCfg = Release|Any CPU
		{12B1991E-BEBF-43FF-8306-BBC543B643DE}.Release|Any CPU.Build.0 = Release|Any CPU
	EndGlobalSection
	GlobalSection(SolutionProperties) = preSolution
		HideSolutionNode = FALSE
	EndGlobalSection
	GlobalSection(ExtensibilityGlobals) = postSolution
		SolutionGuid = {BEEBF46E-1397-4F5E-A2D7-40AC47870AD1}
	EndGlobalSection
EndGlobal
